
Microsoft Visual Studio Solution File, Format Version 12.00
# Visual Studio Version 16
VisualStudioVersion = 16.0.30420.98
MinimumVisualStudioVersion = 10.0.40219.1
Project("{FAE04EC0-301F-11D3-BF4B-00C04F79EFBC}") = "CMLParser", "CMLParser.csproj", "{77BEC763-CAD8-49FF-BA62-76BBE1A7A8BA}"
EndProject
Global
	GlobalSection(SolutionConfigurationPlatforms) = preSolution
		Debug|Any CPU = Debug|Any CPU
		Release|Any CPU = Release|Any CPU
	EndGlobalSection
	GlobalSection(ProjectConfigurationPlatforms) = postSolution
		{77BEC763-CAD8-49FF-BA62-76BBE1A7A8BA}.Debug|Any CPU.ActiveCfg = Debug|Any CPU
		{77BEC763-CAD8-49FF-BA62-76BBE1A7A8BA}.Debug|Any CPU.Build.0 = Debug|Any CPU
		{77BEC763-CAD8-49FF-BA62-76BBE1A7A8BA}.Release|Any CPU.ActiveCfg = Release|Any CPU
		{77BEC763-CAD8-49FF-BA62-76BBE1A7A8BA}.Release|Any CPU.Build.0 = Release|Any CPU
	EndGlobalSection
	GlobalSection(SolutionProperties) = preSolution
		HideSolutionNode = FALSE
	EndGlobalSection
	GlobalSection(ExtensibilityGlobals) = postSolution
		SolutionGuid = {A0BB03E0-A654-4A13-ABDC-9302D0EA45B6}
	EndGlobalSection
EndGlobal
